
Microsoft Visual Studio Solution File, Format Version 12.00
# Visual Studio 14
VisualStudioVersion = 14.0.25420.1
MinimumVisualStudioVersion = 10.0.40219.1
Project("{FAE04EC0-301F-11D3-BF4B-00C04F79EFBC}") = "FusionPosWeb", "FusionPosWeb\FusionPosWeb.csproj", "{8C956331-70BB-40C9-869B-5AD897B4BEE1}"
EndProject
Project("{FAE04EC0-301F-11D3-BF4B-00C04F79EFBC}") = "FusionPosModels", "FusionPosModels\FusionPosModels.csproj", "{91170AE9-2722-4B3D-92A5-5F86B32E9788}"
EndProject
Project("{FAE04EC0-301F-11D3-BF4B-00C04F79EFBC}") = "FuasionPosRepository", "FuasionPoRepository\FuasionPosRepository.csproj", "{82440955-DA09-479F-B0C9-1D5EB6D45327}"
EndProject
Project("{FAE04EC0-301F-11D3-BF4B-00C04F79EFBC}") = "FusionPosBll", "FusionPosBll\FusionPosBll.csproj", "{DD311935-6492-439C-989C-2CDB27F39E93}"
EndProject
Global
	GlobalSection(SolutionConfigurationPlatforms) = preSolution
		Debug|Any CPU = Debug|Any CPU
		Release|Any CPU = Release|Any CPU
	EndGlobalSection
	GlobalSection(ProjectConfigurationPlatforms) = postSolution
		{8C956331-70BB-40C9-869B-5AD897B4BEE1}.Debug|Any CPU.ActiveCfg = Debug|Any CPU
		{8C956331-70BB-40C9-869B-5AD897B4BEE1}.Debug|Any CPU.Build.0 = Debug|Any CPU
		{8C956331-70BB-40C9-869B-5AD897B4BEE1}.Release|Any CPU.ActiveCfg = Release|Any CPU
		{8C956331-70BB-40C9-869B-5AD897B4BEE1}.Release|Any CPU.Build.0 = Release|Any CPU
		{91170AE9-2722-4B3D-92A5-5F86B32E9788}.Debug|Any CPU.ActiveCfg = Debug|Any CPU
		{91170AE9-2722-4B3D-92A5-5F86B32E9788}.Debug|Any CPU.Build.0 = Debug|Any CPU
		{91170AE9-2722-4B3D-92A5-5F86B32E9788}.Release|Any CPU.ActiveCfg = Release|Any CPU
		{91170AE9-2722-4B3D-92A5-5F86B32E9788}.Release|Any CPU.Build.0 = Release|Any CPU
		{82440955-DA09-479F-B0C9-1D5EB6D45327}.Debug|Any CPU.ActiveCfg = Debug|Any CPU
		{82440955-DA09-479F-B0C9-1D5EB6D45327}.Debug|Any CPU.Build.0 = Debug|Any CPU
		{82440955-DA09-479F-B0C9-1D5EB6D45327}.Release|Any CPU.ActiveCfg = Release|Any CPU
		{82440955-DA09-479F-B0C9-1D5EB6D45327}.Release|Any CPU.Build.0 = Release|Any CPU
		{DD311935-6492-439C-989C-2CDB27F39E93}.Debug|Any CPU.ActiveCfg = Debug|Any CPU
		{DD311935-6492-439C-989C-2CDB27F39E93}.Debug|Any CPU.Build.0 = Debug|Any CPU
		{DD311935-6492-439C-989C-2CDB27F39E93}.Release|Any CPU.ActiveCfg = Release|Any CPU
		{DD311935-6492-439C-989C-2CDB27F39E93}.Release|Any CPU.Build.0 = Release|Any CPU
	EndGlobalSection
	GlobalSection(SolutionProperties) = preSolution
		HideSolutionNode = FALSE
	EndGlobalSection
EndGlobal
